
Microsoft Visual Studio Solution File, Format Version 12.00
# Visual Studio 15
VisualStudioVersion = 15.0.27428.2002
MinimumVisualStudioVersion = 10.0.40219.1
Project("{FAE04EC0-301F-11D3-BF4B-00C04F79EFBC}") = "HavingFunWithSerializators", "HavingFunWithSerializators\HavingFunWithSerializators.csproj", "{05013012-8FCF-4F51-B084-C4409E7737C3}"
EndProject
Project("{2150E333-8FDC-42A3-9474-1A3956D46DE8}") = "Serializers", "Serializers", "{C26ACF07-F68B-4809-B885-18FB0EFFA123}"
EndProject
Project("{FAE04EC0-301F-11D3-BF4B-00C04F79EFBC}") = "XML", "XML\XML.csproj", "{79EA8F38-F251-4164-A1AD-19E0EF10691F}"
EndProject
Project("{FAE04EC0-301F-11D3-BF4B-00C04F79EFBC}") = "Abstractions", "Abstractions\Abstractions.csproj", "{7BE13728-2510-47B3-B2AE-DE98CEF88AED}"
EndProject
Project("{2150E333-8FDC-42A3-9474-1A3956D46DE8}") = "Models", "Models", "{DDC22439-A52B-4F34-A5D0-C6E02C1BCE4F}"
EndProject
Project("{FAE04EC0-301F-11D3-BF4B-00C04F79EFBC}") = "Cars", "Cars\Cars.csproj", "{15F04C31-4DEE-41CB-9E15-D67788C78D3D}"
EndProject
Project("{FAE04EC0-301F-11D3-BF4B-00C04F79EFBC}") = "JSON", "JSON\JSON.csproj", "{01497EED-7EE6-4000-98F0-D3F7EE5D12CD}"
EndProject
Project("{2150E333-8FDC-42A3-9474-1A3956D46DE8}") = "Adapting", "Adapting", "{8B8BC4EF-879D-4A66-AA4D-162FCD3B5A0B}"
EndProject
Project("{FAE04EC0-301F-11D3-BF4B-00C04F79EFBC}") = "Binary", "Binary\Binary.csproj", "{9D668574-DAF5-42EA-9655-D3DB48C3E0DE}"
EndProject
Global
	GlobalSection(SolutionConfigurationPlatforms) = preSolution
		Debug|Any CPU = Debug|Any CPU
		Release|Any CPU = Release|Any CPU
	EndGlobalSection
	GlobalSection(ProjectConfigurationPlatforms) = postSolution
		{05013012-8FCF-4F51-B084-C4409E7737C3}.Debug|Any CPU.ActiveCfg = Debug|Any CPU
		{05013012-8FCF-4F51-B084-C4409E7737C3}.Debug|Any CPU.Build.0 = Debug|Any CPU
		{05013012-8FCF-4F51-B084-C4409E7737C3}.Release|Any CPU.ActiveCfg = Release|Any CPU
		{05013012-8FCF-4F51-B084-C4409E7737C3}.Release|Any CPU.Build.0 = Release|Any CPU
		{79EA8F38-F251-4164-A1AD-19E0EF10691F}.Debug|Any CPU.ActiveCfg = Debug|Any CPU
		{79EA8F38-F251-4164-A1AD-19E0EF10691F}.Debug|Any CPU.Build.0 = Debug|Any CPU
		{79EA8F38-F251-4164-A1AD-19E0EF10691F}.Release|Any CPU.ActiveCfg = Release|Any CPU
		{79EA8F38-F251-4164-A1AD-19E0EF10691F}.Release|Any CPU.Build.0 = Release|Any CPU
		{7BE13728-2510-47B3-B2AE-DE98CEF88AED}.Debug|Any CPU.ActiveCfg = Debug|Any CPU
		{7BE13728-2510-47B3-B2AE-DE98CEF88AED}.Debug|Any CPU.Build.0 = Debug|Any CPU
		{7BE13728-2510-47B3-B2AE-DE98CEF88AED}.Release|Any CPU.ActiveCfg = Release|Any CPU
		{7BE13728-2510-47B3-B2AE-DE98CEF88AED}.Release|Any CPU.Build.0 = Release|Any CPU
		{15F04C31-4DEE-41CB-9E15-D67788C78D3D}.Debug|Any CPU.ActiveCfg = Debug|Any CPU
		{15F04C31-4DEE-41CB-9E15-D67788C78D3D}.Debug|Any CPU.Build.0 = Debug|Any CPU
		{15F04C31-4DEE-41CB-9E15-D67788C78D3D}.Release|Any CPU.ActiveCfg = Release|Any CPU
		{15F04C31-4DEE-41CB-9E15-D67788C78D3D}.Release|Any CPU.Build.0 = Release|Any CPU
		{01497EED-7EE6-4000-98F0-D3F7EE5D12CD}.Debug|Any CPU.ActiveCfg = Debug|Any CPU
		{01497EED-7EE6-4000-98F0-D3F7EE5D12CD}.Debug|Any CPU.Build.0 = Debug|Any CPU
		{01497EED-7EE6-4000-98F0-D3F7EE5D12CD}.Release|Any CPU.ActiveCfg = Release|Any CPU
		{01497EED-7EE6-4000-98F0-D3F7EE5D12CD}.Release|Any CPU.Build.0 = Release|Any CPU
		{9D668574-DAF5-42EA-9655-D3DB48C3E0DE}.Debug|Any CPU.ActiveCfg = Debug|Any CPU
		{9D668574-DAF5-42EA-9655-D3DB48C3E0DE}.Debug|Any CPU.Build.0 = Debug|Any CPU
		{9D668574-DAF5-42EA-9655-D3DB48C3E0DE}.Release|Any CPU.ActiveCfg = Release|Any CPU
		{9D668574-DAF5-42EA-9655-D3DB48C3E0DE}.Release|Any CPU.Build.0 = Release|Any CPU
	EndGlobalSection
	GlobalSection(SolutionProperties) = preSolution
		HideSolutionNode = FALSE
	EndGlobalSection
	GlobalSection(NestedProjects) = preSolution
		{79EA8F38-F251-4164-A1AD-19E0EF10691F} = {C26ACF07-F68B-4809-B885-18FB0EFFA123}
		{7BE13728-2510-47B3-B2AE-DE98CEF88AED} = {C26ACF07-F68B-4809-B885-18FB0EFFA123}
		{15F04C31-4DEE-41CB-9E15-D67788C78D3D} = {DDC22439-A52B-4F34-A5D0-C6E02C1BCE4F}
		{01497EED-7EE6-4000-98F0-D3F7EE5D12CD} = {C26ACF07-F68B-4809-B885-18FB0EFFA123}
		{8B8BC4EF-879D-4A66-AA4D-162FCD3B5A0B} = {C26ACF07-F68B-4809-B885-18FB0EFFA123}
		{9D668574-DAF5-42EA-9655-D3DB48C3E0DE} = {8B8BC4EF-879D-4A66-AA4D-162FCD3B5A0B}
	EndGlobalSection
	GlobalSection(ExtensibilityGlobals) = postSolution
		SolutionGuid = {31A58030-575B-43F1-AEFD-8C3CEC92CDBD}
	EndGlobalSection
EndGlobal
